
Microsoft Visual Studio Solution File, Format Version 12.00
Project("{2150E333-8FDC-42A3-9474-1A3956D46DE8}") = "App", "App", "{BFE6CC09-EF9D-4BC9-8757-8C1A62BFA4D0}"
EndProject
Project("{2150E333-8FDC-42A3-9474-1A3956D46DE8}") = "Base", "Base", "{918448C8-CB5B-462D-84A7-CE970A014A13}"
EndProject
Project("{FAE04EC0-301F-11D3-BF4B-00C04F79EFBC}") = "App.Domain", "App.Domain\App.Domain.csproj", "{461FBD25-8B4B-4FEB-A113-68C45E7C4134}"
EndProject
Project("{FAE04EC0-301F-11D3-BF4B-00C04F79EFBC}") = "Base.Contracts.Domain", "Base.Contracts.Domain\Base.Contracts.Domain.csproj", "{10DD0D75-B407-434D-8738-04DAFF6FDC98}"
EndProject
Project("{FAE04EC0-301F-11D3-BF4B-00C04F79EFBC}") = "Base.Domain", "Base.Domain\Base.Domain.csproj", "{7CB05076-876C-48F1-B5B7-1CA5BBD2FA0F}"
EndProject
Project("{FAE04EC0-301F-11D3-BF4B-00C04F79EFBC}") = "Base.Contracts.DAL", "Base.Contracts.DAL\Base.Contracts.DAL.csproj", "{89979E23-296E-4B4F-8F55-6A13146C24D2}"
EndProject
Project("{FAE04EC0-301F-11D3-BF4B-00C04F79EFBC}") = "Base.DAL.EF", "Base.DAL.EF\Base.DAL.EF.csproj", "{7B7BE01F-2F88-451F-8439-5ED2817B00B0}"
EndProject
Project("{FAE04EC0-301F-11D3-BF4B-00C04F79EFBC}") = "App.DAL.EF", "App.DAL.EF\App.DAL.EF.csproj", "{AAD4723E-3EFB-4AA3-8503-6C93433203CC}"
EndProject
Project("{FAE04EC0-301F-11D3-BF4B-00C04F79EFBC}") = "App.Contracts.DAL", "App.Contracts.DAL\App.Contracts.DAL.csproj", "{805D7E23-9DD0-4B05-8D46-DB4709F5316D}"
EndProject
Project("{FAE04EC0-301F-11D3-BF4B-00C04F79EFBC}") = "App.DAL.DTO", "App.DAL.DTO\App.DAL.DTO.csproj", "{8F6CE151-6B95-4136-B50C-DD7191BB9471}"
EndProject
Project("{FAE04EC0-301F-11D3-BF4B-00C04F79EFBC}") = "WebApp", "WebApp\WebApp.csproj", "{079F71E0-4755-46A9-BAB7-776E9B799FB5}"
EndProject
Project("{2150E333-8FDC-42A3-9474-1A3956D46DE8}") = "SolutionItems", "SolutionItems", "{7B6D4BD7-BDFE-4580-99EC-C8C23CB82A17}"
	ProjectSection(SolutionItems) = preProject
		docker-compose.yml = docker-compose.yml
		.gitignore = .gitignore
		README.md = README.md
	EndProjectSection
EndProject
Project("{FAE04EC0-301F-11D3-BF4B-00C04F79EFBC}") = "App.DTO", "App.DTO\App.DTO.csproj", "{C012A5D2-6772-486B-8753-0F133A7786C0}"
EndProject
Global
	GlobalSection(SolutionConfigurationPlatforms) = preSolution
		Debug|Any CPU = Debug|Any CPU
		Release|Any CPU = Release|Any CPU
	EndGlobalSection
	GlobalSection(NestedProjects) = preSolution
		{461FBD25-8B4B-4FEB-A113-68C45E7C4134} = {BFE6CC09-EF9D-4BC9-8757-8C1A62BFA4D0}
		{10DD0D75-B407-434D-8738-04DAFF6FDC98} = {918448C8-CB5B-462D-84A7-CE970A014A13}
		{7CB05076-876C-48F1-B5B7-1CA5BBD2FA0F} = {918448C8-CB5B-462D-84A7-CE970A014A13}
		{89979E23-296E-4B4F-8F55-6A13146C24D2} = {918448C8-CB5B-462D-84A7-CE970A014A13}
		{7B7BE01F-2F88-451F-8439-5ED2817B00B0} = {918448C8-CB5B-462D-84A7-CE970A014A13}
		{AAD4723E-3EFB-4AA3-8503-6C93433203CC} = {BFE6CC09-EF9D-4BC9-8757-8C1A62BFA4D0}
		{805D7E23-9DD0-4B05-8D46-DB4709F5316D} = {BFE6CC09-EF9D-4BC9-8757-8C1A62BFA4D0}
		{8F6CE151-6B95-4136-B50C-DD7191BB9471} = {BFE6CC09-EF9D-4BC9-8757-8C1A62BFA4D0}
		{C012A5D2-6772-486B-8753-0F133A7786C0} = {BFE6CC09-EF9D-4BC9-8757-8C1A62BFA4D0}
	EndGlobalSection
	GlobalSection(ProjectConfigurationPlatforms) = postSolution
		{461FBD25-8B4B-4FEB-A113-68C45E7C4134}.Debug|Any CPU.ActiveCfg = Debug|Any CPU
		{461FBD25-8B4B-4FEB-A113-68C45E7C4134}.Debug|Any CPU.Build.0 = Debug|Any CPU
		{461FBD25-8B4B-4FEB-A113-68C45E7C4134}.Release|Any CPU.ActiveCfg = Release|Any CPU
		{461FBD25-8B4B-4FEB-A113-68C45E7C4134}.Release|Any CPU.Build.0 = Release|Any CPU
		{10DD0D75-B407-434D-8738-04DAFF6FDC98}.Debug|Any CPU.ActiveCfg = Debug|Any CPU
		{10DD0D75-B407-434D-8738-04DAFF6FDC98}.Debug|Any CPU.Build.0 = Debug|Any CPU
		{10DD0D75-B407-434D-8738-04DAFF6FDC98}.Release|Any CPU.ActiveCfg = Release|Any CPU
		{10DD0D75-B407-434D-8738-04DAFF6FDC98}.Release|Any CPU.Build.0 = Release|Any CPU
		{7CB05076-876C-48F1-B5B7-1CA5BBD2FA0F}.Debug|Any CPU.ActiveCfg = Debug|Any CPU
		{7CB05076-876C-48F1-B5B7-1CA5BBD2FA0F}.Debug|Any CPU.Build.0 = Debug|Any CPU
		{7CB05076-876C-48F1-B5B7-1CA5BBD2FA0F}.Release|Any CPU.ActiveCfg = Release|Any CPU
		{7CB05076-876C-48F1-B5B7-1CA5BBD2FA0F}.Release|Any CPU.Build.0 = Release|Any CPU
		{89979E23-296E-4B4F-8F55-6A13146C24D2}.Debug|Any CPU.ActiveCfg = Debug|Any CPU
		{89979E23-296E-4B4F-8F55-6A13146C24D2}.Debug|Any CPU.Build.0 = Debug|Any CPU
		{89979E23-296E-4B4F-8F55-6A13146C24D2}.Release|Any CPU.ActiveCfg = Release|Any CPU
		{89979E23-296E-4B4F-8F55-6A13146C24D2}.Release|Any CPU.Build.0 = Release|Any CPU
		{7B7BE01F-2F88-451F-8439-5ED2817B00B0}.Debug|Any CPU.ActiveCfg = Debug|Any CPU
		{7B7BE01F-2F88-451F-8439-5ED2817B00B0}.Debug|Any CPU.Build.0 = Debug|Any CPU
		{7B7BE01F-2F88-451F-8439-5ED2817B00B0}.Release|Any CPU.ActiveCfg = Release|Any CPU
		{7B7BE01F-2F88-451F-8439-5ED2817B00B0}.Release|Any CPU.Build.0 = Release|Any CPU
		{AAD4723E-3EFB-4AA3-8503-6C93433203CC}.Debug|Any CPU.ActiveCfg = Debug|Any CPU
		{AAD4723E-3EFB-4AA3-8503-6C93433203CC}.Debug|Any CPU.Build.0 = Debug|Any CPU
		{AAD4723E-3EFB-4AA3-8503-6C93433203CC}.Release|Any CPU.ActiveCfg = Release|Any CPU
		{AAD4723E-3EFB-4AA3-8503-6C93433203CC}.Release|Any CPU.Build.0 = Release|Any CPU
		{805D7E23-9DD0-4B05-8D46-DB4709F5316D}.Debug|Any CPU.ActiveCfg = Debug|Any CPU
		{805D7E23-9DD0-4B05-8D46-DB4709F5316D}.Debug|Any CPU.Build.0 = Debug|Any CPU
		{805D7E23-9DD0-4B05-8D46-DB4709F5316D}.Release|Any CPU.ActiveCfg = Release|Any CPU
		{805D7E23-9DD0-4B05-8D46-DB4709F5316D}.Release|Any CPU.Build.0 = Release|Any CPU
		{8F6CE151-6B95-4136-B50C-DD7191BB9471}.Debug|Any CPU.ActiveCfg = Debug|Any CPU
		{8F6CE151-6B95-4136-B50C-DD7191BB9471}.Debug|Any CPU.Build.0 = Debug|Any CPU
		{8F6CE151-6B95-4136-B50C-DD7191BB9471}.Release|Any CPU.ActiveCfg = Release|Any CPU
		{8F6CE151-6B95-4136-B50C-DD7191BB9471}.Release|Any CPU.Build.0 = Release|Any CPU
		{079F71E0-4755-46A9-BAB7-776E9B799FB5}.Debug|Any CPU.ActiveCfg = Debug|Any CPU
		{079F71E0-4755-46A9-BAB7-776E9B799FB5}.Debug|Any CPU.Build.0 = Debug|Any CPU
		{079F71E0-4755-46A9-BAB7-776E9B799FB5}.Release|Any CPU.ActiveCfg = Release|Any CPU
		{079F71E0-4755-46A9-BAB7-776E9B799FB5}.Release|Any CPU.Build.0 = Release|Any CPU
		{C012A5D2-6772-486B-8753-0F133A7786C0}.Debug|Any CPU.ActiveCfg = Debug|Any CPU
		{C012A5D2-6772-486B-8753-0F133A7786C0}.Debug|Any CPU.Build.0 = Debug|Any CPU
		{C012A5D2-6772-486B-8753-0F133A7786C0}.Release|Any CPU.ActiveCfg = Release|Any CPU
		{C012A5D2-6772-486B-8753-0F133A7786C0}.Release|Any CPU.Build.0 = Release|Any CPU
	EndGlobalSection
EndGlobal
